
Microsoft Visual Studio Solution File, Format Version 12.00
Project("{FAE04EC0-301F-11D3-BF4B-00C04F79EFBC}") = "src", "src.csproj", "{264EA3A3-EC7F-4C24-BDE7-64F4D933D215}"
EndProject
Global
	GlobalSection(SolutionConfigurationPlatforms) = preSolution
		Debug|Any CPU = Debug|Any CPU
		Release|Any CPU = Release|Any CPU
	EndGlobalSection
	GlobalSection(ProjectConfigurationPlatforms) = postSolution
		{264EA3A3-EC7F-4C24-BDE7-64F4D933D215}.Debug|Any CPU.ActiveCfg = Debug|Any CPU
		{264EA3A3-EC7F-4C24-BDE7-64F4D933D215}.Debug|Any CPU.Build.0 = Debug|Any CPU
		{264EA3A3-EC7F-4C24-BDE7-64F4D933D215}.Release|Any CPU.ActiveCfg = Release|Any CPU
		{264EA3A3-EC7F-4C24-BDE7-64F4D933D215}.Release|Any CPU.Build.0 = Release|Any CPU
	EndGlobalSection
EndGlobal
